// !$*UTF8*$!
{
	archiveVersion = 1;
	classes = {
	};
	objectVersion = 50;
	objects = {

/* Begin PBXBuildFile section */
		1C516D2C38BC8CF2A1AAD321 /* Pods_Inbox.framework in Frameworks */ = {isa = PBXBuildFile; fileRef = 961873C3A9D9FD25E01ECE3A /* Pods_Inbox.framework */; };
		3274DAC6BEDE4796BC58506B /* Pods_Inbox_InboxTests.framework in Frameworks */ = {isa = PBXBuildFile; fileRef = 3AB88CF7D312BB8AD02C2845 /* Pods_Inbox_InboxTests.framework */; };
		DACF01F1219E3D3600F95CEE /* AppDelegate.swift in Sources */ = {isa = PBXBuildFile; fileRef = DACF01F0219E3D3600F95CEE /* AppDelegate.swift */; };
		DACF01F3219E3D3600F95CEE /* ViewController.swift in Sources */ = {isa = PBXBuildFile; fileRef = DACF01F2219E3D3600F95CEE /* ViewController.swift */; };
		DACF01F6219E3D3600F95CEE /* Main.storyboard in Resources */ = {isa = PBXBuildFile; fileRef = DACF01F4219E3D3600F95CEE /* Main.storyboard */; };
		DACF01F8219E3D3900F95CEE /* Assets.xcassets in Resources */ = {isa = PBXBuildFile; fileRef = DACF01F7219E3D3900F95CEE /* Assets.xcassets */; };
		DACF01FB219E3D3900F95CEE /* LaunchScreen.storyboard in Resources */ = {isa = PBXBuildFile; fileRef = DACF01F9219E3D3900F95CEE /* LaunchScreen.storyboard */; };
		DACF0206219E3D3900F95CEE /* InboxTests.swift in Sources */ = {isa = PBXBuildFile; fileRef = DACF0205219E3D3900F95CEE /* InboxTests.swift */; };
		DACF0212219E441400F95CEE /* UIColor + extension.swift in Sources */ = {isa = PBXBuildFile; fileRef = DACF0211219E441400F95CEE /* UIColor + extension.swift */; };
		DACF0215219E533500F95CEE /* InboxAPI.swift in Sources */ = {isa = PBXBuildFile; fileRef = DACF0214219E533500F95CEE /* InboxAPI.swift */; };
		DACF0217219E546E00F95CEE /* PostsViewModel.swift in Sources */ = {isa = PBXBuildFile; fileRef = DACF0216219E546E00F95CEE /* PostsViewModel.swift */; };
		DACF0219219E54A100F95CEE /* RxHelper.swift in Sources */ = {isa = PBXBuildFile; fileRef = DACF0218219E54A100F95CEE /* RxHelper.swift */; };
		DACF021C219E619300F95CEE /* PostModel.swift in Sources */ = {isa = PBXBuildFile; fileRef = DACF021B219E619300F95CEE /* PostModel.swift */; };
		DACF021E219EFF8800F95CEE /* CommentModel.swift in Sources */ = {isa = PBXBuildFile; fileRef = DACF021D219EFF8800F95CEE /* CommentModel.swift */; };
		DACF0220219F000E00F95CEE /* UserModel.swift in Sources */ = {isa = PBXBuildFile; fileRef = DACF021F219F000E00F95CEE /* UserModel.swift */; };
		DACF0222219F018300F95CEE /* PostViewModel.swift in Sources */ = {isa = PBXBuildFile; fileRef = DACF0221219F018300F95CEE /* PostViewModel.swift */; };
		DACF0225219F05A500F95CEE /* PostViewController.swift in Sources */ = {isa = PBXBuildFile; fileRef = DACF0223219F05A500F95CEE /* PostViewController.swift */; };
		DACF0226219F05A500F95CEE /* PostViewController.xib in Resources */ = {isa = PBXBuildFile; fileRef = DACF0224219F05A500F95CEE /* PostViewController.xib */; };
/* End PBXBuildFile section */

/* Begin PBXContainerItemProxy section */
		DACF0202219E3D3900F95CEE /* PBXContainerItemProxy */ = {
			isa = PBXContainerItemProxy;
			containerPortal = DACF01E5219E3D3600F95CEE /* Project object */;
			proxyType = 1;
			remoteGlobalIDString = DACF01EC219E3D3600F95CEE;
			remoteInfo = Inbox;
		};
/* End PBXContainerItemProxy section */

/* Begin PBXFileReference section */
		22E93634C1FB1FA7E3D2F297 /* Pods-Inbox-InboxTests.debug.xcconfig */ = {isa = PBXFileReference; includeInIndex = 1; lastKnownFileType = text.xcconfig; name = "Pods-Inbox-InboxTests.debug.xcconfig"; path = "Pods/Target Support Files/Pods-Inbox-InboxTests/Pods-Inbox-InboxTests.debug.xcconfig"; sourceTree = "<group>"; };
		3AB88CF7D312BB8AD02C2845 /* Pods_Inbox_InboxTests.framework */ = {isa = PBXFileReference; explicitFileType = wrapper.framework; includeInIndex = 0; path = Pods_Inbox_InboxTests.framework; sourceTree = BUILT_PRODUCTS_DIR; };
		84978E2E77B76DB97AC9324F /* Pods-Inbox.release.xcconfig */ = {isa = PBXFileReference; includeInIndex = 1; lastKnownFileType = text.xcconfig; name = "Pods-Inbox.release.xcconfig"; path = "Pods/Target Support Files/Pods-Inbox/Pods-Inbox.release.xcconfig"; sourceTree = "<group>"; };
		961873C3A9D9FD25E01ECE3A /* Pods_Inbox.framework */ = {isa = PBXFileReference; explicitFileType = wrapper.framework; includeInIndex = 0; path = Pods_Inbox.framework; sourceTree = BUILT_PRODUCTS_DIR; };
		C8C91A769A57DA2ECB3467AE /* Pods-Inbox.debug.xcconfig */ = {isa = PBXFileReference; includeInIndex = 1; lastKnownFileType = text.xcconfig; name = "Pods-Inbox.debug.xcconfig"; path = "Pods/Target Support Files/Pods-Inbox/Pods-Inbox.debug.xcconfig"; sourceTree = "<group>"; };
		D614A8B7C47743A8BCB854B1 /* Pods-Inbox-InboxTests.release.xcconfig */ = {isa = PBXFileReference; includeInIndex = 1; lastKnownFileType = text.xcconfig; name = "Pods-Inbox-InboxTests.release.xcconfig"; path = "Pods/Target Support Files/Pods-Inbox-InboxTests/Pods-Inbox-InboxTests.release.xcconfig"; sourceTree = "<group>"; };
		DACF01ED219E3D3600F95CEE /* Inbox.app */ = {isa = PBXFileReference; explicitFileType = wrapper.application; includeInIndex = 0; path = Inbox.app; sourceTree = BUILT_PRODUCTS_DIR; };
		DACF01F0219E3D3600F95CEE /* AppDelegate.swift */ = {isa = PBXFileReference; lastKnownFileType = sourcecode.swift; path = AppDelegate.swift; sourceTree = "<group>"; };
		DACF01F2219E3D3600F95CEE /* ViewController.swift */ = {isa = PBXFileReference; lastKnownFileType = sourcecode.swift; path = ViewController.swift; sourceTree = "<group>"; };
		DACF01F5219E3D3600F95CEE /* Base */ = {isa = PBXFileReference; lastKnownFileType = file.storyboard; name = Base; path = Base.lproj/Main.storyboard; sourceTree = "<group>"; };
		DACF01F7219E3D3900F95CEE /* Assets.xcassets */ = {isa = PBXFileReference; lastKnownFileType = folder.assetcatalog; path = Assets.xcassets; sourceTree = "<group>"; };
		DACF01FA219E3D3900F95CEE /* Base */ = {isa = PBXFileReference; lastKnownFileType = file.storyboard; name = Base; path = Base.lproj/LaunchScreen.storyboard; sourceTree = "<group>"; };
		DACF01FC219E3D3900F95CEE /* Info.plist */ = {isa = PBXFileReference; lastKnownFileType = text.plist.xml; path = Info.plist; sourceTree = "<group>"; };
		DACF0201219E3D3900F95CEE /* InboxTests.xctest */ = {isa = PBXFileReference; explicitFileType = wrapper.cfbundle; includeInIndex = 0; path = InboxTests.xctest; sourceTree = BUILT_PRODUCTS_DIR; };
		DACF0205219E3D3900F95CEE /* InboxTests.swift */ = {isa = PBXFileReference; lastKnownFileType = sourcecode.swift; path = InboxTests.swift; sourceTree = "<group>"; };
		DACF0207219E3D3900F95CEE /* Info.plist */ = {isa = PBXFileReference; lastKnownFileType = text.plist.xml; path = Info.plist; sourceTree = "<group>"; };
		DACF0211219E441400F95CEE /* UIColor + extension.swift */ = {isa = PBXFileReference; lastKnownFileType = sourcecode.swift; path = "UIColor + extension.swift"; sourceTree = "<group>"; };
		DACF0214219E533500F95CEE /* InboxAPI.swift */ = {isa = PBXFileReference; lastKnownFileType = sourcecode.swift; path = InboxAPI.swift; sourceTree = "<group>"; };
		DACF0216219E546E00F95CEE /* PostsViewModel.swift */ = {isa = PBXFileReference; lastKnownFileType = sourcecode.swift; path = PostsViewModel.swift; sourceTree = "<group>"; };
		DACF0218219E54A100F95CEE /* RxHelper.swift */ = {isa = PBXFileReference; lastKnownFileType = sourcecode.swift; path = RxHelper.swift; sourceTree = "<group>"; };
		DACF021B219E619300F95CEE /* PostModel.swift */ = {isa = PBXFileReference; lastKnownFileType = sourcecode.swift; path = PostModel.swift; sourceTree = "<group>"; };
		DACF021D219EFF8800F95CEE /* CommentModel.swift */ = {isa = PBXFileReference; lastKnownFileType = sourcecode.swift; path = CommentModel.swift; sourceTree = "<group>"; };
		DACF021F219F000E00F95CEE /* UserModel.swift */ = {isa = PBXFileReference; lastKnownFileType = sourcecode.swift; path = UserModel.swift; sourceTree = "<group>"; };
		DACF0221219F018300F95CEE /* PostViewModel.swift */ = {isa = PBXFileReference; lastKnownFileType = sourcecode.swift; path = PostViewModel.swift; sourceTree = "<group>"; };
		DACF0223219F05A500F95CEE /* PostViewController.swift */ = {isa = PBXFileReference; lastKnownFileType = sourcecode.swift; path = PostViewController.swift; sourceTree = "<group>"; };
		DACF0224219F05A500F95CEE /* PostViewController.xib */ = {isa = PBXFileReference; lastKnownFileType = file.xib; path = PostViewController.xib; sourceTree = "<group>"; };
/* End PBXFileReference section */

/* Begin PBXFrameworksBuildPhase section */
		DACF01EA219E3D3600F95CEE /* Frameworks */ = {
			isa = PBXFrameworksBuildPhase;
			buildActionMask = 2147483647;
			files = (
				1C516D2C38BC8CF2A1AAD321 /* Pods_Inbox.framework in Frameworks */,
			);
			runOnlyForDeploymentPostprocessing = 0;
		};
		DACF01FE219E3D3900F95CEE /* Frameworks */ = {
			isa = PBXFrameworksBuildPhase;
			buildActionMask = 2147483647;
			files = (
				3274DAC6BEDE4796BC58506B /* Pods_Inbox_InboxTests.framework in Frameworks */,
			);
			runOnlyForDeploymentPostprocessing = 0;
		};
/* End PBXFrameworksBuildPhase section */

/* Begin PBXGroup section */
		0BF6BC9CD0574A07340DEA45 /* Frameworks */ = {
			isa = PBXGroup;
			children = (
				961873C3A9D9FD25E01ECE3A /* Pods_Inbox.framework */,
				3AB88CF7D312BB8AD02C2845 /* Pods_Inbox_InboxTests.framework */,
			);
			name = Frameworks;
			sourceTree = "<group>";
		};
		6709DE4FD77F5009F31FD00B /* Pods */ = {
			isa = PBXGroup;
			children = (
				C8C91A769A57DA2ECB3467AE /* Pods-Inbox.debug.xcconfig */,
				84978E2E77B76DB97AC9324F /* Pods-Inbox.release.xcconfig */,
				22E93634C1FB1FA7E3D2F297 /* Pods-Inbox-InboxTests.debug.xcconfig */,
				D614A8B7C47743A8BCB854B1 /* Pods-Inbox-InboxTests.release.xcconfig */,
			);
			name = Pods;
			sourceTree = "<group>";
		};
		DACF01E4219E3D3600F95CEE = {
			isa = PBXGroup;
			children = (
				DACF01EF219E3D3600F95CEE /* Inbox */,
				DACF0204219E3D3900F95CEE /* InboxTests */,
				DACF01EE219E3D3600F95CEE /* Products */,
				6709DE4FD77F5009F31FD00B /* Pods */,
				0BF6BC9CD0574A07340DEA45 /* Frameworks */,
			);
			sourceTree = "<group>";
		};
		DACF01EE219E3D3600F95CEE /* Products */ = {
			isa = PBXGroup;
			children = (
				DACF01ED219E3D3600F95CEE /* Inbox.app */,
				DACF0201219E3D3900F95CEE /* InboxTests.xctest */,
			);
			name = Products;
			sourceTree = "<group>";
		};
		DACF01EF219E3D3600F95CEE /* Inbox */ = {
			isa = PBXGroup;
			children = (
				DACF0213219E531100F95CEE /* API */,
				DACF021A219E617F00F95CEE /* Models */,
				DACF0210219E43FB00F95CEE /* Helpers */,
				DACF01F0219E3D3600F95CEE /* AppDelegate.swift */,
				DACF01F2219E3D3600F95CEE /* ViewController.swift */,
				DACF0216219E546E00F95CEE /* PostsViewModel.swift */,
				DACF0221219F018300F95CEE /* PostViewModel.swift */,
				DACF0223219F05A500F95CEE /* PostViewController.swift */,
				DACF0224219F05A500F95CEE /* PostViewController.xib */,
				DACF01F4219E3D3600F95CEE /* Main.storyboard */,
				DACF01F7219E3D3900F95CEE /* Assets.xcassets */,
				DACF01F9219E3D3900F95CEE /* LaunchScreen.storyboard */,
				DACF01FC219E3D3900F95CEE /* Info.plist */,
			);
			path = Inbox;
			sourceTree = "<group>";
		};
		DACF0204219E3D3900F95CEE /* InboxTests */ = {
			isa = PBXGroup;
			children = (
				DACF0205219E3D3900F95CEE /* InboxTests.swift */,
				DACF0207219E3D3900F95CEE /* Info.plist */,
			);
			path = InboxTests;
			sourceTree = "<group>";
		};
		DACF0210219E43FB00F95CEE /* Helpers */ = {
			isa = PBXGroup;
			children = (
				DACF0211219E441400F95CEE /* UIColor + extension.swift */,
				DACF0218219E54A100F95CEE /* RxHelper.swift */,
			);
			path = Helpers;
			sourceTree = "<group>";
		};
		DACF0213219E531100F95CEE /* API */ = {
			isa = PBXGroup;
			children = (
				DACF0214219E533500F95CEE /* InboxAPI.swift */,
			);
			path = API;
			sourceTree = "<group>";
		};
		DACF021A219E617F00F95CEE /* Models */ = {
			isa = PBXGroup;
			children = (
				DACF021B219E619300F95CEE /* PostModel.swift */,
				DACF021D219EFF8800F95CEE /* CommentModel.swift */,
				DACF021F219F000E00F95CEE /* UserModel.swift */,
			);
			path = Models;
			sourceTree = "<group>";
		};
/* End PBXGroup section */

/* Begin PBXNativeTarget section */
		DACF01EC219E3D3600F95CEE /* Inbox */ = {
			isa = PBXNativeTarget;
			buildConfigurationList = DACF020A219E3D3900F95CEE /* Build configuration list for PBXNativeTarget "Inbox" */;
			buildPhases = (
				0008363387916BB7E05AB7A1 /* [CP] Check Pods Manifest.lock */,
				DACF01E9219E3D3600F95CEE /* Sources */,
				DACF01EA219E3D3600F95CEE /* Frameworks */,
				DACF01EB219E3D3600F95CEE /* Resources */,
				FD75ECE068AB90F52AE50232 /* [CP] Embed Pods Frameworks */,
			);
			buildRules = (
			);
			dependencies = (
			);
			name = Inbox;
			productName = Inbox;
			productReference = DACF01ED219E3D3600F95CEE /* Inbox.app */;
			productType = "com.apple.product-type.application";
		};
		DACF0200219E3D3900F95CEE /* InboxTests */ = {
			isa = PBXNativeTarget;
			buildConfigurationList = DACF020D219E3D3900F95CEE /* Build configuration list for PBXNativeTarget "InboxTests" */;
			buildPhases = (
				1EA058DCB228935EC3D343B8 /* [CP] Check Pods Manifest.lock */,
				DACF01FD219E3D3900F95CEE /* Sources */,
				DACF01FE219E3D3900F95CEE /* Frameworks */,
				DACF01FF219E3D3900F95CEE /* Resources */,
				70A5CC168FBF5336658BBC87 /* [CP] Embed Pods Frameworks */,
			);
			buildRules = (
			);
			dependencies = (
				DACF0203219E3D3900F95CEE /* PBXTargetDependency */,
			);
			name = InboxTests;
			productName = InboxTests;
			productReference = DACF0201219E3D3900F95CEE /* InboxTests.xctest */;
			productType = "com.apple.product-type.bundle.unit-test";
		};
/* End PBXNativeTarget section */

/* Begin PBXProject section */
		DACF01E5219E3D3600F95CEE /* Project object */ = {
			isa = PBXProject;
			attributes = {
				LastSwiftUpdateCheck = 0940;
				LastUpgradeCheck = 0940;
				ORGANIZATIONNAME = "cabarique inc";
				TargetAttributes = {
					DACF01EC219E3D3600F95CEE = {
						CreatedOnToolsVersion = 9.4.1;
					};
					DACF0200219E3D3900F95CEE = {
						CreatedOnToolsVersion = 9.4.1;
						TestTargetID = DACF01EC219E3D3600F95CEE;
					};
				};
			};
			buildConfigurationList = DACF01E8219E3D3600F95CEE /* Build configuration list for PBXProject "Inbox" */;
			compatibilityVersion = "Xcode 9.3";
			developmentRegion = en;
			hasScannedForEncodings = 0;
			knownRegions = (
				en,
				Base,
			);
			mainGroup = DACF01E4219E3D3600F95CEE;
			productRefGroup = DACF01EE219E3D3600F95CEE /* Products */;
			projectDirPath = "";
			projectRoot = "";
			targets = (
				DACF01EC219E3D3600F95CEE /* Inbox */,
				DACF0200219E3D3900F95CEE /* InboxTests */,
			);
		};
/* End PBXProject section */

/* Begin PBXResourcesBuildPhase section */
		DACF01EB219E3D3600F95CEE /* Resources */ = {
			isa = PBXResourcesBuildPhase;
			buildActionMask = 2147483647;
			files = (
				DACF0226219F05A500F95CEE /* PostViewController.xib in Resources */,
				DACF01FB219E3D3900F95CEE /* LaunchScreen.storyboard in Resources */,
				DACF01F8219E3D3900F95CEE /* Assets.xcassets in Resources */,
				DACF01F6219E3D3600F95CEE /* Main.storyboard in Resources */,
			);
			runOnlyForDeploymentPostprocessing = 0;
		};
		DACF01FF219E3D3900F95CEE /* Resources */ = {
			isa = PBXResourcesBuildPhase;
			buildActionMask = 2147483647;
			files = (
			);
			runOnlyForDeploymentPostprocessing = 0;
		};
/* End PBXResourcesBuildPhase section */

/* Begin PBXShellScriptBuildPhase section */
		0008363387916BB7E05AB7A1 /* [CP] Check Pods Manifest.lock */ = {
			isa = PBXShellScriptBuildPhase;
			buildActionMask = 2147483647;
			files = (
			);
			inputPaths = (
				"${PODS_PODFILE_DIR_PATH}/Podfile.lock",
				"${PODS_ROOT}/Manifest.lock",
			);
			name = "[CP] Check Pods Manifest.lock";
			outputPaths = (
				"$(DERIVED_FILE_DIR)/Pods-Inbox-checkManifestLockResult.txt",
			);
			runOnlyForDeploymentPostprocessing = 0;
			shellPath = /bin/sh;
			shellScript = "diff \"${PODS_PODFILE_DIR_PATH}/Podfile.lock\" \"${PODS_ROOT}/Manifest.lock\" > /dev/null\nif [ $? != 0 ] ; then\n    # print error to STDERR\n    echo \"error: The sandbox is not in sync with the Podfile.lock. Run 'pod install' or update your CocoaPods installation.\" >&2\n    exit 1\nfi\n# This output is used by Xcode 'outputs' to avoid re-running this script phase.\necho \"SUCCESS\" > \"${SCRIPT_OUTPUT_FILE_0}\"\n";
			showEnvVarsInLog = 0;
		};
		1EA058DCB228935EC3D343B8 /* [CP] Check Pods Manifest.lock */ = {
			isa = PBXShellScriptBuildPhase;
			buildActionMask = 2147483647;
			files = (
			);
			inputPaths = (
				"${PODS_PODFILE_DIR_PATH}/Podfile.lock",
				"${PODS_ROOT}/Manifest.lock",
			);
			name = "[CP] Check Pods Manifest.lock";
			outputPaths = (
				"$(DERIVED_FILE_DIR)/Pods-Inbox-InboxTests-checkManifestLockResult.txt",
			);
			runOnlyForDeploymentPostprocessing = 0;
			shellPath = /bin/sh;
			shellScript = "diff \"${PODS_PODFILE_DIR_PATH}/Podfile.lock\" \"${PODS_ROOT}/Manifest.lock\" > /dev/null\nif [ $? != 0 ] ; then\n    # print error to STDERR\n    echo \"error: The sandbox is not in sync with the Podfile.lock. Run 'pod install' or update your CocoaPods installation.\" >&2\n    exit 1\nfi\n# This output is used by Xcode 'outputs' to avoid re-running this script phase.\necho \"SUCCESS\" > \"${SCRIPT_OUTPUT_FILE_0}\"\n";
			showEnvVarsInLog = 0;
		};
		70A5CC168FBF5336658BBC87 /* [CP] Embed Pods Frameworks */ = {
			isa = PBXShellScriptBuildPhase;
			buildActionMask = 2147483647;
			files = (
			);
			inputPaths = (
				"${SRCROOT}/Pods/Target Support Files/Pods-Inbox-InboxTests/Pods-Inbox-InboxTests-frameworks.sh",
				"${BUILT_PRODUCTS_DIR}/Alamofire/Alamofire.framework",
				"${BUILT_PRODUCTS_DIR}/Moya/Moya.framework",
				"${BUILT_PRODUCTS_DIR}/Result/Result.framework",
				"${BUILT_PRODUCTS_DIR}/RxCocoa/RxCocoa.framework",
				"${BUILT_PRODUCTS_DIR}/RxSwift/RxSwift.framework",
				"${BUILT_PRODUCTS_DIR}/SnapKit/SnapKit.framework",
				"${BUILT_PRODUCTS_DIR}/Then/Then.framework",
				"${BUILT_PRODUCTS_DIR}/RxBlocking/RxBlocking.framework",
				"${BUILT_PRODUCTS_DIR}/RxTest/RxTest.framework",
			);
			name = "[CP] Embed Pods Frameworks";
			outputPaths = (
				"${TARGET_BUILD_DIR}/${FRAMEWORKS_FOLDER_PATH}/Alamofire.framework",
				"${TARGET_BUILD_DIR}/${FRAMEWORKS_FOLDER_PATH}/Moya.framework",
				"${TARGET_BUILD_DIR}/${FRAMEWORKS_FOLDER_PATH}/Result.framework",
				"${TARGET_BUILD_DIR}/${FRAMEWORKS_FOLDER_PATH}/RxCocoa.framework",
				"${TARGET_BUILD_DIR}/${FRAMEWORKS_FOLDER_PATH}/RxSwift.framework",
				"${TARGET_BUILD_DIR}/${FRAMEWORKS_FOLDER_PATH}/SnapKit.framework",
				"${TARGET_BUILD_DIR}/${FRAMEWORKS_FOLDER_PATH}/Then.framework",
				"${TARGET_BUILD_DIR}/${FRAMEWORKS_FOLDER_PATH}/RxBlocking.framework",
				"${TARGET_BUILD_DIR}/${FRAMEWORKS_FOLDER_PATH}/RxTest.framework",
			);
			runOnlyForDeploymentPostprocessing = 0;
			shellPath = /bin/sh;
			shellScript = "\"${SRCROOT}/Pods/Target Support Files/Pods-Inbox-InboxTests/Pods-Inbox-InboxTests-frameworks.sh\"\n";
			showEnvVarsInLog = 0;
		};
		FD75ECE068AB90F52AE50232 /* [CP] Embed Pods Frameworks */ = {
			isa = PBXShellScriptBuildPhase;
			buildActionMask = 2147483647;
			files = (
			);
			inputPaths = (
				"${SRCROOT}/Pods/Target Support Files/Pods-Inbox/Pods-Inbox-frameworks.sh",
				"${BUILT_PRODUCTS_DIR}/Alamofire/Alamofire.framework",
				"${BUILT_PRODUCTS_DIR}/Moya/Moya.framework",
				"${BUILT_PRODUCTS_DIR}/Result/Result.framework",
				"${BUILT_PRODUCTS_DIR}/RxCocoa/RxCocoa.framework",
				"${BUILT_PRODUCTS_DIR}/RxSwift/RxSwift.framework",
				"${BUILT_PRODUCTS_DIR}/SnapKit/SnapKit.framework",
				"${BUILT_PRODUCTS_DIR}/Then/Then.framework",
			);
			name = "[CP] Embed Pods Frameworks";
			outputPaths = (
				"${TARGET_BUILD_DIR}/${FRAMEWORKS_FOLDER_PATH}/Alamofire.framework",
				"${TARGET_BUILD_DIR}/${FRAMEWORKS_FOLDER_PATH}/Moya.framework",
				"${TARGET_BUILD_DIR}/${FRAMEWORKS_FOLDER_PATH}/Result.framework",
				"${TARGET_BUILD_DIR}/${FRAMEWORKS_FOLDER_PATH}/RxCocoa.framework",
				"${TARGET_BUILD_DIR}/${FRAMEWORKS_FOLDER_PATH}/RxSwift.framework",
				"${TARGET_BUILD_DIR}/${FRAMEWORKS_FOLDER_PATH}/SnapKit.framework",
				"${TARGET_BUILD_DIR}/${FRAMEWORKS_FOLDER_PATH}/Then.framework",
			);
			runOnlyForDeploymentPostprocessing = 0;
			shellPath = /bin/sh;
			shellScript = "\"${SRCROOT}/Pods/Target Support Files/Pods-Inbox/Pods-Inbox-frameworks.sh\"\n";
			showEnvVarsInLog = 0;
		};
/* End PBXShellScriptBuildPhase section */

/* Begin PBXSourcesBuildPhase section */
		DACF01E9219E3D3600F95CEE /* Sources */ = {
			isa = PBXSourcesBuildPhase;
			buildActionMask = 2147483647;
			files = (
				DACF0222219F018300F95CEE /* PostViewModel.swift in Sources */,
				DACF0212219E441400F95CEE /* UIColor + extension.swift in Sources */,
				DACF021E219EFF8800F95CEE /* CommentModel.swift in Sources */,
				DACF0217219E546E00F95CEE /* PostsViewModel.swift in Sources */,
				DACF01F3219E3D3600F95CEE /* ViewController.swift in Sources */,
				DACF021C219E619300F95CEE /* PostModel.swift in Sources */,
				DACF0219219E54A100F95CEE /* RxHelper.swift in Sources */,
				DACF01F1219E3D3600F95CEE /* AppDelegate.swift in Sources */,
				DACF0220219F000E00F95CEE /* UserModel.swift in Sources */,
				DACF0215219E533500F95CEE /* InboxAPI.swift in Sources */,
				DACF0225219F05A500F95CEE /* PostViewController.swift in Sources */,
			);
			runOnlyForDeploymentPostprocessing = 0;
		};
		DACF01FD219E3D3900F95CEE /* Sources */ = {
			isa = PBXSourcesBuildPhase;
			buildActionMask = 2147483647;
			files = (
				DACF0206219E3D3900F95CEE /* InboxTests.swift in Sources */,
			);
			runOnlyForDeploymentPostprocessing = 0;
		};
/* End PBXSourcesBuildPhase section */

/* Begin PBXTargetDependency section */
		DACF0203219E3D3900F95CEE /* PBXTargetDependency */ = {
			isa = PBXTargetDependency;
			target = DACF01EC219E3D3600F95CEE /* Inbox */;
			targetProxy = DACF0202219E3D3900F95CEE /* PBXContainerItemProxy */;
		};
/* End PBXTargetDependency section */

/* Begin PBXVariantGroup section */
		DACF01F4219E3D3600F95CEE /* Main.storyboard */ = {
			isa = PBXVariantGroup;
			children = (
				DACF01F5219E3D3600F95CEE /* Base */,
			);
			name = Main.storyboard;
			sourceTree = "<group>";
		};
		DACF01F9219E3D3900F95CEE /* LaunchScreen.storyboard */ = {
			isa = PBXVariantGroup;
			children = (
				DACF01FA219E3D3900F95CEE /* Base */,
			);
			name = LaunchScreen.storyboard;
			sourceTree = "<group>";
		};
/* End PBXVariantGroup section */

/* Begin XCBuildConfiguration section */
		DACF0208219E3D3900F95CEE /* Debug */ = {
			isa = XCBuildConfiguration;
			buildSettings = {
				ALWAYS_SEARCH_USER_PATHS = NO;
				CLANG_ANALYZER_NONNULL = YES;
				CLANG_ANALYZER_NUMBER_OBJECT_CONVERSION = YES_AGGRESSIVE;
				CLANG_CXX_LANGUAGE_STANDARD = "gnu++14";
				CLANG_CXX_LIBRARY = "libc++";
				CLANG_ENABLE_MODULES = YES;
				CLANG_ENABLE_OBJC_ARC = YES;
				CLANG_ENABLE_OBJC_WEAK = YES;
				CLANG_WARN_BLOCK_CAPTURE_AUTORELEASING = YES;
				CLANG_WARN_BOOL_CONVERSION = YES;
				CLANG_WARN_COMMA = YES;
				CLANG_WARN_CONSTANT_CONVERSION = YES;
				CLANG_WARN_DEPRECATED_OBJC_IMPLEMENTATIONS = YES;
				CLANG_WARN_DIRECT_OBJC_ISA_USAGE = YES_ERROR;
				CLANG_WARN_DOCUMENTATION_COMMENTS = YES;
				CLANG_WARN_EMPTY_BODY = YES;
				CLANG_WARN_ENUM_CONVERSION = YES;
				CLANG_WARN_INFINITE_RECURSION = YES;
				CLANG_WARN_INT_CONVERSION = YES;
				CLANG_WARN_NON_LITERAL_NULL_CONVERSION = YES;
				CLANG_WARN_OBJC_IMPLICIT_RETAIN_SELF = YES;
				CLANG_WARN_OBJC_LITERAL_CONVERSION = YES;
				CLANG_WARN_OBJC_ROOT_CLASS = YES_ERROR;
				CLANG_WARN_RANGE_LOOP_ANALYSIS = YES;
				CLANG_WARN_STRICT_PROTOTYPES = YES;
				CLANG_WARN_SUSPICIOUS_MOVE = YES;
				CLANG_WARN_UNGUARDED_AVAILABILITY = YES_AGGRESSIVE;
				CLANG_WARN_UNREACHABLE_CODE = YES;
				CLANG_WARN__DUPLICATE_METHOD_MATCH = YES;
				CODE_SIGN_IDENTITY = "iPhone Developer";
				COPY_PHASE_STRIP = NO;
				DEBUG_INFORMATION_FORMAT = dwarf;
				ENABLE_STRICT_OBJC_MSGSEND = YES;
				ENABLE_TESTABILITY = YES;
				GCC_C_LANGUAGE_STANDARD = gnu11;
				GCC_DYNAMIC_NO_PIC = NO;
				GCC_NO_COMMON_BLOCKS = YES;
				GCC_OPTIMIZATION_LEVEL = 0;
				GCC_PREPROCESSOR_DEFINITIONS = (
					"DEBUG=1",
					"$(inherited)",
				);
				GCC_WARN_64_TO_32_BIT_CONVERSION = YES;
				GCC_WARN_ABOUT_RETURN_TYPE = YES_ERROR;
				GCC_WARN_UNDECLARED_SELECTOR = YES;
				GCC_WARN_UNINITIALIZED_AUTOS = YES_AGGRESSIVE;
				GCC_WARN_UNUSED_FUNCTION = YES;
				GCC_WARN_UNUSED_VARIABLE = YES;
				IPHONEOS_DEPLOYMENT_TARGET = 11.4;
				MTL_ENABLE_DEBUG_INFO = YES;
				ONLY_ACTIVE_ARCH = YES;
				SDKROOT = iphoneos;
				SWIFT_ACTIVE_COMPILATION_CONDITIONS = DEBUG;
				SWIFT_OPTIMIZATION_LEVEL = "-Onone";
			};
			name = Debug;
		};
		DACF0209219E3D3900F95CEE /* Release */ = {
			isa = XCBuildConfiguration;
			buildSettings = {
				ALWAYS_SEARCH_USER_PATHS = NO;
				CLANG_ANALYZER_NONNULL = YES;
				CLANG_ANALYZER_NUMBER_OBJECT_CONVERSION = YES_AGGRESSIVE;
				CLANG_CXX_LANGUAGE_STANDARD = "gnu++14";
				CLANG_CXX_LIBRARY = "libc++";
				CLANG_ENABLE_MODULES = YES;
				CLANG_ENABLE_OBJC_ARC = YES;
				CLANG_ENABLE_OBJC_WEAK = YES;
				CLANG_WARN_BLOCK_CAPTURE_AUTORELEASING = YES;
				CLANG_WARN_BOOL_CONVERSION = YES;
				CLANG_WARN_COMMA = YES;
				CLANG_WARN_CONSTANT_CONVERSION = YES;
				CLANG_WARN_DEPRECATED_OBJC_IMPLEMENTATIONS = YES;
				CLANG_WARN_DIRECT_OBJC_ISA_USAGE = YES_ERROR;
				CLANG_WARN_DOCUMENTATION_COMMENTS = YES;
				CLANG_WARN_EMPTY_BODY = YES;
				CLANG_WARN_ENUM_CONVERSION = YES;
				CLANG_WARN_INFINITE_RECURSION = YES;
				CLANG_WARN_INT_CONVERSION = YES;
				CLANG_WARN_NON_LITERAL_NULL_CONVERSION = YES;
				CLANG_WARN_OBJC_IMPLICIT_RETAIN_SELF = YES;
				CLANG_WARN_OBJC_LITERAL_CONVERSION = YES;
				CLANG_WARN_OBJC_ROOT_CLASS = YES_ERROR;
				CLANG_WARN_RANGE_LOOP_ANALYSIS = YES;
				CLANG_WARN_STRICT_PROTOTYPES = YES;
				CLANG_WARN_SUSPICIOUS_MOVE = YES;
				CLANG_WARN_UNGUARDED_AVAILABILITY = YES_AGGRESSIVE;
				CLANG_WARN_UNREACHABLE_CODE = YES;
				CLANG_WARN__DUPLICATE_METHOD_MATCH = YES;
				CODE_SIGN_IDENTITY = "iPhone Developer";
				COPY_PHASE_STRIP = NO;
				DEBUG_INFORMATION_FORMAT = "dwarf-with-dsym";
				ENABLE_NS_ASSERTIONS = NO;
				ENABLE_STRICT_OBJC_MSGSEND = YES;
				GCC_C_LANGUAGE_STANDARD = gnu11;
				GCC_NO_COMMON_BLOCKS = YES;
				GCC_WARN_64_TO_32_BIT_CONVERSION = YES;
				GCC_WARN_ABOUT_RETURN_TYPE = YES_ERROR;
				GCC_WARN_UNDECLARED_SELECTOR = YES;
				GCC_WARN_UNINITIALIZED_AUTOS = YES_AGGRESSIVE;
				GCC_WARN_UNUSED_FUNCTION = YES;
				GCC_WARN_UNUSED_VARIABLE = YES;
				IPHONEOS_DEPLOYMENT_TARGET = 11.4;
				MTL_ENABLE_DEBUG_INFO = NO;
				SDKROOT = iphoneos;
				SWIFT_COMPILATION_MODE = wholemodule;
				SWIFT_OPTIMIZATION_LEVEL = "-O";
				VALIDATE_PRODUCT = YES;
			};
			name = Release;
		};
		DACF020B219E3D3900F95CEE /* Debug */ = {
			isa = XCBuildConfiguration;
			baseConfigurationReference = C8C91A769A57DA2ECB3467AE /* Pods-Inbox.debug.xcconfig */;
			buildSettings = {
				ASSETCATALOG_COMPILER_APPICON_NAME = AppIcon;
				CODE_SIGN_STYLE = Automatic;
				DEVELOPMENT_TEAM = 4KLHJ2S5TH;
				INFOPLIST_FILE = Inbox/Info.plist;
				LD_RUNPATH_SEARCH_PATHS = (
					"$(inherited)",
					"@executable_path/Frameworks",
				);
				PRODUCT_BUNDLE_IDENTIFIER = inc.cabarique.Inbox;
				PRODUCT_NAME = "$(TARGET_NAME)";
				SWIFT_VERSION = 4.0;
				TARGETED_DEVICE_FAMILY = "1,2";
			};
			name = Debug;
		};
		DACF020C219E3D3900F95CEE /* Release */ = {
			isa = XCBuildConfiguration;
			baseConfigurationReference = 84978E2E77B76DB97AC9324F /* Pods-Inbox.release.xcconfig */;
			buildSettings = {
				ASSETCATALOG_COMPILER_APPICON_NAME = AppIcon;
				CODE_SIGN_STYLE = Automatic;
				DEVELOPMENT_TEAM = 4KLHJ2S5TH;
				INFOPLIST_FILE = Inbox/Info.plist;
				LD_RUNPATH_SEARCH_PATHS = (
					"$(inherited)",
					"@executable_path/Frameworks",
				);
				PRODUCT_BUNDLE_IDENTIFIER = inc.cabarique.Inbox;
				PRODUCT_NAME = "$(TARGET_NAME)";
				SWIFT_VERSION = 4.0;
				TARGETED_DEVICE_FAMILY = "1,2";
			};
			name = Release;
		};
		DACF020E219E3D3900F95CEE /* Debug */ = {
			isa = XCBuildConfiguration;
			baseConfigurationReference = 22E93634C1FB1FA7E3D2F297 /* Pods-Inbox-InboxTests.debug.xcconfig */;
			buildSettings = {
				ALWAYS_EMBED_SWIFT_STANDARD_LIBRARIES = YES;
				BUNDLE_LOADER = "$(TEST_HOST)";
				CODE_SIGN_STYLE = Automatic;
				DEVELOPMENT_TEAM = 4KLHJ2S5TH;
				INFOPLIST_FILE = InboxTests/Info.plist;
				LD_RUNPATH_SEARCH_PATHS = (
					"$(inherited)",
					"@executable_path/Frameworks",
					"@loader_path/Frameworks",
				);
				PRODUCT_BUNDLE_IDENTIFIER = inc.cabarique.InboxTests;
				PRODUCT_NAME = "$(TARGET_NAME)";
				SWIFT_VERSION = 4.0;
				TARGETED_DEVICE_FAMILY = "1,2";
				TEST_HOST = "$(BUILT_PRODUCTS_DIR)/Inbox.app/Inbox";
			};
			name = Debug;
		};
		DACF020F219E3D3900F95CEE /* Release */ = {
			isa = XCBuildConfiguration;
			baseConfigurationReference = D614A8B7C47743A8BCB854B1 /* Pods-Inbox-InboxTests.release.xcconfig */;
			buildSettings = {
				ALWAYS_EMBED_SWIFT_STANDARD_LIBRARIES = YES;
				BUNDLE_LOADER = "$(TEST_HOST)";
				CODE_SIGN_STYLE = Automatic;
				DEVELOPMENT_TEAM = 4KLHJ2S5TH;
				INFOPLIST_FILE = InboxTests/Info.plist;
				LD_RUNPATH_SEARCH_PATHS = (
					"$(inherited)",
					"@executable_path/Frameworks",
					"@loader_path/Frameworks",
				);
				PRODUCT_BUNDLE_IDENTIFIER = inc.cabarique.InboxTests;
				PRODUCT_NAME = "$(TARGET_NAME)";
				SWIFT_VERSION = 4.0;
				TARGETED_DEVICE_FAMILY = "1,2";
				TEST_HOST = "$(BUILT_PRODUCTS_DIR)/Inbox.app/Inbox";
			};
			name = Release;
		};
/* End XCBuildConfiguration section */

/* Begin XCConfigurationList section */
		DACF01E8219E3D3600F95CEE /* Build configuration list for PBXProject "Inbox" */ = {
			isa = XCConfigurationList;
			buildConfigurations = (
				DACF0208219E3D3900F95CEE /* Debug */,
				DACF0209219E3D3900F95CEE /* Release */,
			);
			defaultConfigurationIsVisible = 0;
			defaultConfigurationName = Release;
		};
		DACF020A219E3D3900F95CEE /* Build configuration list for PBXNativeTarget "Inbox" */ = {
			isa = XCConfigurationList;
			buildConfigurations = (
				DACF020B219E3D3900F95CEE /* Debug */,
				DACF020C219E3D3900F95CEE /* Release */,
			);
			defaultConfigurationIsVisible = 0;
			defaultConfigurationName = Release;
		};
		DACF020D219E3D3900F95CEE /* Build configuration list for PBXNativeTarget "InboxTests" */ = {
			isa = XCConfigurationList;
			buildConfigurations = (
				DACF020E219E3D3900F95CEE /* Debug */,
				DACF020F219E3D3900F95CEE /* Release */,
			);
			defaultConfigurationIsVisible = 0;
			defaultConfigurationName = Release;
		};
/* End XCConfigurationList section */
	};
	rootObject = DACF01E5219E3D3600F95CEE /* Project object */;
}
